
Microsoft Visual Studio Solution File, Format Version 11.00
# Visual Studio 2010
Project("{FAE04EC0-301F-11D3-BF4B-00C04F79EFBC}") = "Schiffchen", "Schiffchen\Schiffchen\Schiffchen.csproj", "{51CE2632-9911-4833-832C-5D71221DF075}"
EndProject
Project("{FAE04EC0-301F-11D3-BF4B-00C04F79EFBC}") = "SchiffchenLib", "Schiffchen\SchiffchenLib\SchiffchenLib.csproj", "{766E48CC-9346-4119-A0B7-5BFF66555F90}"
EndProject
Project("{FAE04EC0-301F-11D3-BF4B-00C04F79EFBC}") = "SchiffchenLibContent", "Schiffchen\SchiffchenLibContent\SchiffchenLibContent.contentproj", "{63EBD2D9-3EB7-46DF-9C45-3A6F54694904}"
EndProject
Project("{FAE04EC0-301F-11D3-BF4B-00C04F79EFBC}") = "agsXMPP", "agsXMPP\agsXMPP.csproj", "{3A87D61A-9A4C-4D80-8988-42987634CBFA}"
EndProject
Project("{FAE04EC0-301F-11D3-BF4B-00C04F79EFBC}") = "PhoneXMPP", "PhoneXMPP\PhoneXMPP.csproj", "{75ECF526-CFF9-4694-96C0-DD5F09E84A2A}"
EndProject
Project("{FAE04EC0-301F-11D3-BF4B-00C04F79EFBC}") = "Socketserver", "Socketserver\Socketserver.csproj", "{DAE1E30A-7A63-4CD0-A059-669D625093BD}"
EndProject
Project("{FAE04EC0-301F-11D3-BF4B-00C04F79EFBC}") = "phone.socketserver", "P:\xmpp\xmedianet\PhoneSocketServer\phone.socketserver.csproj", "{CCDE1A18-482A-469C-9115-3C51723026B7}"
EndProject
Project("{FAE04EC0-301F-11D3-BF4B-00C04F79EFBC}") = "phone.xmpp", "P:\xmpp\xmedianet\PhoneXMPPLibrary\phone.xmpp.csproj", "{08CA3C52-B65B-43F1-B60E-9A0F53021959}"
EndProject
Global
	GlobalSection(SolutionConfigurationPlatforms) = preSolution
		Debug|Any CPU = Debug|Any CPU
		Debug|Mixed Platforms = Debug|Mixed Platforms
		Debug|Windows Phone = Debug|Windows Phone
		Release|Any CPU = Release|Any CPU
		Release|Mixed Platforms = Release|Mixed Platforms
		Release|Windows Phone = Release|Windows Phone
	EndGlobalSection
	GlobalSection(ProjectConfigurationPlatforms) = postSolution
		{51CE2632-9911-4833-832C-5D71221DF075}.Debug|Any CPU.ActiveCfg = Debug|Any CPU
		{51CE2632-9911-4833-832C-5D71221DF075}.Debug|Any CPU.Build.0 = Debug|Any CPU
		{51CE2632-9911-4833-832C-5D71221DF075}.Debug|Any CPU.Deploy.0 = Debug|Any CPU
		{51CE2632-9911-4833-832C-5D71221DF075}.Debug|Mixed Platforms.ActiveCfg = Debug|Any CPU
		{51CE2632-9911-4833-832C-5D71221DF075}.Debug|Mixed Platforms.Build.0 = Debug|Any CPU
		{51CE2632-9911-4833-832C-5D71221DF075}.Debug|Mixed Platforms.Deploy.0 = Debug|Any CPU
		{51CE2632-9911-4833-832C-5D71221DF075}.Debug|Windows Phone.ActiveCfg = Debug|Any CPU
		{51CE2632-9911-4833-832C-5D71221DF075}.Release|Any CPU.ActiveCfg = Release|Any CPU
		{51CE2632-9911-4833-832C-5D71221DF075}.Release|Any CPU.Build.0 = Release|Any CPU
		{51CE2632-9911-4833-832C-5D71221DF075}.Release|Any CPU.Deploy.0 = Release|Any CPU
		{51CE2632-9911-4833-832C-5D71221DF075}.Release|Mixed Platforms.ActiveCfg = Release|Any CPU
		{51CE2632-9911-4833-832C-5D71221DF075}.Release|Mixed Platforms.Build.0 = Release|Any CPU
		{51CE2632-9911-4833-832C-5D71221DF075}.Release|Mixed Platforms.Deploy.0 = Release|Any CPU
		{51CE2632-9911-4833-832C-5D71221DF075}.Release|Windows Phone.ActiveCfg = Release|Any CPU
		{766E48CC-9346-4119-A0B7-5BFF66555F90}.Debug|Any CPU.ActiveCfg = Debug|Windows Phone
		{766E48CC-9346-4119-A0B7-5BFF66555F90}.Debug|Mixed Platforms.ActiveCfg = Debug|Windows Phone
		{766E48CC-9346-4119-A0B7-5BFF66555F90}.Debug|Mixed Platforms.Build.0 = Debug|Windows Phone
		{766E48CC-9346-4119-A0B7-5BFF66555F90}.Debug|Windows Phone.ActiveCfg = Debug|Windows Phone
		{766E48CC-9346-4119-A0B7-5BFF66555F90}.Debug|Windows Phone.Build.0 = Debug|Windows Phone
		{766E48CC-9346-4119-A0B7-5BFF66555F90}.Release|Any CPU.ActiveCfg = Release|Windows Phone
		{766E48CC-9346-4119-A0B7-5BFF66555F90}.Release|Mixed Platforms.ActiveCfg = Release|Windows Phone
		{766E48CC-9346-4119-A0B7-5BFF66555F90}.Release|Mixed Platforms.Build.0 = Release|Windows Phone
		{766E48CC-9346-4119-A0B7-5BFF66555F90}.Release|Windows Phone.ActiveCfg = Release|Windows Phone
		{766E48CC-9346-4119-A0B7-5BFF66555F90}.Release|Windows Phone.Build.0 = Release|Windows Phone
		{63EBD2D9-3EB7-46DF-9C45-3A6F54694904}.Debug|Any CPU.ActiveCfg = Debug|Any CPU
		{63EBD2D9-3EB7-46DF-9C45-3A6F54694904}.Debug|Mixed Platforms.ActiveCfg = Debug|Any CPU
		{63EBD2D9-3EB7-46DF-9C45-3A6F54694904}.Debug|Windows Phone.ActiveCfg = Debug|Any CPU
		{63EBD2D9-3EB7-46DF-9C45-3A6F54694904}.Release|Any CPU.ActiveCfg = Debug|Any CPU
		{63EBD2D9-3EB7-46DF-9C45-3A6F54694904}.Release|Mixed Platforms.ActiveCfg = Debug|Any CPU
		{63EBD2D9-3EB7-46DF-9C45-3A6F54694904}.Release|Windows Phone.ActiveCfg = Debug|Any CPU
		{3A87D61A-9A4C-4D80-8988-42987634CBFA}.Debug|Any CPU.ActiveCfg = Debug|Any CPU
		{3A87D61A-9A4C-4D80-8988-42987634CBFA}.Debug|Any CPU.Build.0 = Debug|Any CPU
		{3A87D61A-9A4C-4D80-8988-42987634CBFA}.Debug|Mixed Platforms.ActiveCfg = Debug|Any CPU
		{3A87D61A-9A4C-4D80-8988-42987634CBFA}.Debug|Mixed Platforms.Build.0 = Debug|Any CPU
		{3A87D61A-9A4C-4D80-8988-42987634CBFA}.Debug|Windows Phone.ActiveCfg = Debug|Any CPU
		{3A87D61A-9A4C-4D80-8988-42987634CBFA}.Release|Any CPU.ActiveCfg = Release|Any CPU
		{3A87D61A-9A4C-4D80-8988-42987634CBFA}.Release|Any CPU.Build.0 = Release|Any CPU
		{3A87D61A-9A4C-4D80-8988-42987634CBFA}.Release|Mixed Platforms.ActiveCfg = Release|Any CPU
		{3A87D61A-9A4C-4D80-8988-42987634CBFA}.Release|Mixed Platforms.Build.0 = Release|Any CPU
		{3A87D61A-9A4C-4D80-8988-42987634CBFA}.Release|Windows Phone.ActiveCfg = Release|Any CPU
		{75ECF526-CFF9-4694-96C0-DD5F09E84A2A}.Debug|Any CPU.ActiveCfg = Debug|Any CPU
		{75ECF526-CFF9-4694-96C0-DD5F09E84A2A}.Debug|Any CPU.Build.0 = Debug|Any CPU
		{75ECF526-CFF9-4694-96C0-DD5F09E84A2A}.Debug|Mixed Platforms.ActiveCfg = Debug|Any CPU
		{75ECF526-CFF9-4694-96C0-DD5F09E84A2A}.Debug|Mixed Platforms.Build.0 = Debug|Any CPU
		{75ECF526-CFF9-4694-96C0-DD5F09E84A2A}.Debug|Windows Phone.ActiveCfg = Debug|Any CPU
		{75ECF526-CFF9-4694-96C0-DD5F09E84A2A}.Release|Any CPU.ActiveCfg = Release|Any CPU
		{75ECF526-CFF9-4694-96C0-DD5F09E84A2A}.Release|Any CPU.Build.0 = Release|Any CPU
		{75ECF526-CFF9-4694-96C0-DD5F09E84A2A}.Release|Mixed Platforms.ActiveCfg = Release|Any CPU
		{75ECF526-CFF9-4694-96C0-DD5F09E84A2A}.Release|Mixed Platforms.Build.0 = Release|Any CPU
		{75ECF526-CFF9-4694-96C0-DD5F09E84A2A}.Release|Windows Phone.ActiveCfg = Release|Any CPU
		{DAE1E30A-7A63-4CD0-A059-669D625093BD}.Debug|Any CPU.ActiveCfg = Debug|Any CPU
		{DAE1E30A-7A63-4CD0-A059-669D625093BD}.Debug|Any CPU.Build.0 = Debug|Any CPU
		{DAE1E30A-7A63-4CD0-A059-669D625093BD}.Debug|Mixed Platforms.ActiveCfg = Debug|Any CPU
		{DAE1E30A-7A63-4CD0-A059-669D625093BD}.Debug|Mixed Platforms.Build.0 = Debug|Any CPU
		{DAE1E30A-7A63-4CD0-A059-669D625093BD}.Debug|Windows Phone.ActiveCfg = Debug|Any CPU
		{DAE1E30A-7A63-4CD0-A059-669D625093BD}.Release|Any CPU.ActiveCfg = Release|Any CPU
		{DAE1E30A-7A63-4CD0-A059-669D625093BD}.Release|Any CPU.Build.0 = Release|Any CPU
		{DAE1E30A-7A63-4CD0-A059-669D625093BD}.Release|Mixed Platforms.ActiveCfg = Release|Any CPU
		{DAE1E30A-7A63-4CD0-A059-669D625093BD}.Release|Mixed Platforms.Build.0 = Release|Any CPU
		{DAE1E30A-7A63-4CD0-A059-669D625093BD}.Release|Windows Phone.ActiveCfg = Release|Any CPU
		{CCDE1A18-482A-469C-9115-3C51723026B7}.Debug|Any CPU.ActiveCfg = Debug|Any CPU
		{CCDE1A18-482A-469C-9115-3C51723026B7}.Debug|Any CPU.Build.0 = Debug|Any CPU
		{CCDE1A18-482A-469C-9115-3C51723026B7}.Debug|Mixed Platforms.ActiveCfg = Debug|Any CPU
		{CCDE1A18-482A-469C-9115-3C51723026B7}.Debug|Mixed Platforms.Build.0 = Debug|Any CPU
		{CCDE1A18-482A-469C-9115-3C51723026B7}.Debug|Windows Phone.ActiveCfg = Debug|Any CPU
		{CCDE1A18-482A-469C-9115-3C51723026B7}.Release|Any CPU.ActiveCfg = Release|Any CPU
		{CCDE1A18-482A-469C-9115-3C51723026B7}.Release|Any CPU.Build.0 = Release|Any CPU
		{CCDE1A18-482A-469C-9115-3C51723026B7}.Release|Mixed Platforms.ActiveCfg = Release|Any CPU
		{CCDE1A18-482A-469C-9115-3C51723026B7}.Release|Mixed Platforms.Build.0 = Release|Any CPU
		{CCDE1A18-482A-469C-9115-3C51723026B7}.Release|Windows Phone.ActiveCfg = Release|Any CPU
		{08CA3C52-B65B-43F1-B60E-9A0F53021959}.Debug|Any CPU.ActiveCfg = Debug|Any CPU
		{08CA3C52-B65B-43F1-B60E-9A0F53021959}.Debug|Any CPU.Build.0 = Debug|Any CPU
		{08CA3C52-B65B-43F1-B60E-9A0F53021959}.Debug|Mixed Platforms.ActiveCfg = Debug|Any CPU
		{08CA3C52-B65B-43F1-B60E-9A0F53021959}.Debug|Mixed Platforms.Build.0 = Debug|Any CPU
		{08CA3C52-B65B-43F1-B60E-9A0F53021959}.Debug|Windows Phone.ActiveCfg = Debug|Any CPU
		{08CA3C52-B65B-43F1-B60E-9A0F53021959}.Release|Any CPU.ActiveCfg = Release|Any CPU
		{08CA3C52-B65B-43F1-B60E-9A0F53021959}.Release|Any CPU.Build.0 = Release|Any CPU
		{08CA3C52-B65B-43F1-B60E-9A0F53021959}.Release|Mixed Platforms.ActiveCfg = Release|Any CPU
		{08CA3C52-B65B-43F1-B60E-9A0F53021959}.Release|Mixed Platforms.Build.0 = Release|Any CPU
		{08CA3C52-B65B-43F1-B60E-9A0F53021959}.Release|Windows Phone.ActiveCfg = Release|Any CPU
	EndGlobalSection
	GlobalSection(SolutionProperties) = preSolution
		HideSolutionNode = FALSE
	EndGlobalSection
EndGlobal
